
Microsoft Visual Studio Solution File, Format Version 12.00
# Visual Studio Version 17
VisualStudioVersion = 17.11.35312.102
MinimumVisualStudioVersion = 10.0.40219.1
Project("{FAE04EC0-301F-11D3-BF4B-00C04F79EFBC}") = "01_MainSubjects", "01_MainSubjects\01_MainSubjects.csproj", "{DBFCA908-61E4-41AA-847E-729F55906AC8}"
EndProject
Project("{FAE04EC0-301F-11D3-BF4B-00C04F79EFBC}") = "02_Variables", "02_Variables\02_Variables.csproj", "{F2776C1F-163E-4B98-8E5E-FF71760F4773}"
EndProject
Project("{FAE04EC0-301F-11D3-BF4B-00C04F79EFBC}") = "03_MakingDecision", "03_MakingDecision\03_MakingDecision.csproj", "{29EE6BEE-5F48-4BE0-B4AA-C70B540E45A6}"
EndProject
Project("{FAE04EC0-301F-11D3-BF4B-00C04F79EFBC}") = "04_Loops", "04_Loops\04_Loops.csproj", "{3759940F-4B3E-4D5B-A2A0-877CCE5451F1}"
EndProject
Project("{FAE04EC0-301F-11D3-BF4B-00C04F79EFBC}") = "05_LoopsWithStars", "05_LoopsWithStars\05_LoopsWithStars.csproj", "{B81A2D1F-5BE3-435F-A48F-C0EEC62C9E99}"
EndProject
Project("{FAE04EC0-301F-11D3-BF4B-00C04F79EFBC}") = "06_Arrays", "06_Arrays\06_Arrays.csproj", "{84DEEFDE-B9EB-42A3-A7B3-215F04DEFFA0}"
EndProject
Project("{FAE04EC0-301F-11D3-BF4B-00C04F79EFBC}") = "07_ForeachLoops", "07_ForeachLoops\07_ForeachLoops.csproj", "{1173904E-4424-4DEC-9ABE-89D64905716C}"
EndProject
Project("{FAE04EC0-301F-11D3-BF4B-00C04F79EFBC}") = "08_Methods", "08_Methods\08_Methods.csproj", "{D5581BF5-217D-40FB-845D-BE982610BE92}"
EndProject
Global
	GlobalSection(SolutionConfigurationPlatforms) = preSolution
		Debug|Any CPU = Debug|Any CPU
		Release|Any CPU = Release|Any CPU
	EndGlobalSection
	GlobalSection(ProjectConfigurationPlatforms) = postSolution
		{DBFCA908-61E4-41AA-847E-729F55906AC8}.Debug|Any CPU.ActiveCfg = Debug|Any CPU
		{DBFCA908-61E4-41AA-847E-729F55906AC8}.Debug|Any CPU.Build.0 = Debug|Any CPU
		{DBFCA908-61E4-41AA-847E-729F55906AC8}.Release|Any CPU.ActiveCfg = Release|Any CPU
		{DBFCA908-61E4-41AA-847E-729F55906AC8}.Release|Any CPU.Build.0 = Release|Any CPU
		{F2776C1F-163E-4B98-8E5E-FF71760F4773}.Debug|Any CPU.ActiveCfg = Debug|Any CPU
		{F2776C1F-163E-4B98-8E5E-FF71760F4773}.Debug|Any CPU.Build.0 = Debug|Any CPU
		{F2776C1F-163E-4B98-8E5E-FF71760F4773}.Release|Any CPU.ActiveCfg = Release|Any CPU
		{F2776C1F-163E-4B98-8E5E-FF71760F4773}.Release|Any CPU.Build.0 = Release|Any CPU
		{29EE6BEE-5F48-4BE0-B4AA-C70B540E45A6}.Debug|Any CPU.ActiveCfg = Debug|Any CPU
		{29EE6BEE-5F48-4BE0-B4AA-C70B540E45A6}.Debug|Any CPU.Build.0 = Debug|Any CPU
		{29EE6BEE-5F48-4BE0-B4AA-C70B540E45A6}.Release|Any CPU.ActiveCfg = Release|Any CPU
		{29EE6BEE-5F48-4BE0-B4AA-C70B540E45A6}.Release|Any CPU.Build.0 = Release|Any CPU
		{3759940F-4B3E-4D5B-A2A0-877CCE5451F1}.Debug|Any CPU.ActiveCfg = Debug|Any CPU
		{3759940F-4B3E-4D5B-A2A0-877CCE5451F1}.Debug|Any CPU.Build.0 = Debug|Any CPU
		{3759940F-4B3E-4D5B-A2A0-877CCE5451F1}.Release|Any CPU.ActiveCfg = Release|Any CPU
		{3759940F-4B3E-4D5B-A2A0-877CCE5451F1}.Release|Any CPU.Build.0 = Release|Any CPU
		{B81A2D1F-5BE3-435F-A48F-C0EEC62C9E99}.Debug|Any CPU.ActiveCfg = Debug|Any CPU
		{B81A2D1F-5BE3-435F-A48F-C0EEC62C9E99}.Debug|Any CPU.Build.0 = Debug|Any CPU
		{B81A2D1F-5BE3-435F-A48F-C0EEC62C9E99}.Release|Any CPU.ActiveCfg = Release|Any CPU
		{B81A2D1F-5BE3-435F-A48F-C0EEC62C9E99}.Release|Any CPU.Build.0 = Release|Any CPU
		{84DEEFDE-B9EB-42A3-A7B3-215F04DEFFA0}.Debug|Any CPU.ActiveCfg = Debug|Any CPU
		{84DEEFDE-B9EB-42A3-A7B3-215F04DEFFA0}.Debug|Any CPU.Build.0 = Debug|Any CPU
		{84DEEFDE-B9EB-42A3-A7B3-215F04DEFFA0}.Release|Any CPU.ActiveCfg = Release|Any CPU
		{84DEEFDE-B9EB-42A3-A7B3-215F04DEFFA0}.Release|Any CPU.Build.0 = Release|Any CPU
		{1173904E-4424-4DEC-9ABE-89D64905716C}.Debug|Any CPU.ActiveCfg = Debug|Any CPU
		{1173904E-4424-4DEC-9ABE-89D64905716C}.Debug|Any CPU.Build.0 = Debug|Any CPU
		{1173904E-4424-4DEC-9ABE-89D64905716C}.Release|Any CPU.ActiveCfg = Release|Any CPU
		{1173904E-4424-4DEC-9ABE-89D64905716C}.Release|Any CPU.Build.0 = Release|Any CPU
		{D5581BF5-217D-40FB-845D-BE982610BE92}.Debug|Any CPU.ActiveCfg = Debug|Any CPU
		{D5581BF5-217D-40FB-845D-BE982610BE92}.Debug|Any CPU.Build.0 = Debug|Any CPU
		{D5581BF5-217D-40FB-845D-BE982610BE92}.Release|Any CPU.ActiveCfg = Release|Any CPU
		{D5581BF5-217D-40FB-845D-BE982610BE92}.Release|Any CPU.Build.0 = Release|Any CPU
	EndGlobalSection
	GlobalSection(SolutionProperties) = preSolution
		HideSolutionNode = FALSE
	EndGlobalSection
	GlobalSection(ExtensibilityGlobals) = postSolution
		SolutionGuid = {D4E387BE-BA90-450B-A116-F9CB740BC8C4}
	EndGlobalSection
EndGlobal
