
Microsoft Visual Studio Solution File, Format Version 12.00
# Visual Studio Version 17
VisualStudioVersion = 17.11.35312.102
MinimumVisualStudioVersion = 10.0.40219.1
Project("{FAE04EC0-301F-11D3-BF4B-00C04F79EFBC}") = "01_MainSubjects", "01_MainSubjects\01_MainSubjects.csproj", "{DBFCA908-61E4-41AA-847E-729F55906AC8}"
EndProject
Project("{FAE04EC0-301F-11D3-BF4B-00C04F79EFBC}") = "02_Variables", "02_Variables\02_Variables.csproj", "{F2776C1F-163E-4B98-8E5E-FF71760F4773}"
EndProject
Project("{FAE04EC0-301F-11D3-BF4B-00C04F79EFBC}") = "03_MakingDecision", "03_MakingDecision\03_MakingDecision.csproj", "{29EE6BEE-5F48-4BE0-B4AA-C70B540E45A6}"
EndProject
Project("{FAE04EC0-301F-11D3-BF4B-00C04F79EFBC}") = "04_Loops", "04_Loops\04_Loops.csproj", "{3759940F-4B3E-4D5B-A2A0-877CCE5451F1}"
EndProject
Project("{FAE04EC0-301F-11D3-BF4B-00C04F79EFBC}") = "05_LoopsWithStars", "05_LoopsWithStars\05_LoopsWithStars.csproj", "{B81A2D1F-5BE3-435F-A48F-C0EEC62C9E99}"
EndProject
Global
	GlobalSection(SolutionConfigurationPlatforms) = preSolution
		Debug|Any CPU = Debug|Any CPU
		Release|Any CPU = Release|Any CPU
	EndGlobalSection
	GlobalSection(ProjectConfigurationPlatforms) = postSolution
		{DBFCA908-61E4-41AA-847E-729F55906AC8}.Debug|Any CPU.ActiveCfg = Debug|Any CPU
		{DBFCA908-61E4-41AA-847E-729F55906AC8}.Debug|Any CPU.Build.0 = Debug|Any CPU
		{DBFCA908-61E4-41AA-847E-729F55906AC8}.Release|Any CPU.ActiveCfg = Release|Any CPU
		{DBFCA908-61E4-41AA-847E-729F55906AC8}.Release|Any CPU.Build.0 = Release|Any CPU
		{F2776C1F-163E-4B98-8E5E-FF71760F4773}.Debug|Any CPU.ActiveCfg = Debug|Any CPU
		{F2776C1F-163E-4B98-8E5E-FF71760F4773}.Debug|Any CPU.Build.0 = Debug|Any CPU
		{F2776C1F-163E-4B98-8E5E-FF71760F4773}.Release|Any CPU.ActiveCfg = Release|Any CPU
		{F2776C1F-163E-4B98-8E5E-FF71760F4773}.Release|Any CPU.Build.0 = Release|Any CPU
		{29EE6BEE-5F48-4BE0-B4AA-C70B540E45A6}.Debug|Any CPU.ActiveCfg = Debug|Any CPU
		{29EE6BEE-5F48-4BE0-B4AA-C70B540E45A6}.Debug|Any CPU.Build.0 = Debug|Any CPU
		{29EE6BEE-5F48-4BE0-B4AA-C70B540E45A6}.Release|Any CPU.ActiveCfg = Release|Any CPU
		{29EE6BEE-5F48-4BE0-B4AA-C70B540E45A6}.Release|Any CPU.Build.0 = Release|Any CPU
		{3759940F-4B3E-4D5B-A2A0-877CCE5451F1}.Debug|Any CPU.ActiveCfg = Debug|Any CPU
		{3759940F-4B3E-4D5B-A2A0-877CCE5451F1}.Debug|Any CPU.Build.0 = Debug|Any CPU
		{3759940F-4B3E-4D5B-A2A0-877CCE5451F1}.Release|Any CPU.ActiveCfg = Release|Any CPU
		{3759940F-4B3E-4D5B-A2A0-877CCE5451F1}.Release|Any CPU.Build.0 = Release|Any CPU
		{B81A2D1F-5BE3-435F-A48F-C0EEC62C9E99}.Debug|Any CPU.ActiveCfg = Debug|Any CPU
		{B81A2D1F-5BE3-435F-A48F-C0EEC62C9E99}.Debug|Any CPU.Build.0 = Debug|Any CPU
		{B81A2D1F-5BE3-435F-A48F-C0EEC62C9E99}.Release|Any CPU.ActiveCfg = Release|Any CPU
		{B81A2D1F-5BE3-435F-A48F-C0EEC62C9E99}.Release|Any CPU.Build.0 = Release|Any CPU
	EndGlobalSection
	GlobalSection(SolutionProperties) = preSolution
		HideSolutionNode = FALSE
	EndGlobalSection
	GlobalSection(ExtensibilityGlobals) = postSolution
		SolutionGuid = {FCA5D236-9FA0-42AD-8053-7029673E47C0}
	EndGlobalSection
EndGlobal
